
Microsoft Visual Studio Solution File, Format Version 12.00
# Visual Studio Version 16
VisualStudioVersion = 16.0.33423.256
MinimumVisualStudioVersion = 10.0.40219.1
Project("{FAE04EC0-301F-11D3-BF4B-00C04F79EFBC}") = "ControleDeContatos", "ControleDeContatos.csproj", "{2478B627-9E87-4849-BB23-20D9281E5F17}"
EndProject
Global
	GlobalSection(SolutionConfigurationPlatforms) = preSolution
		Debug|Any CPU = Debug|Any CPU
		Release|Any CPU = Release|Any CPU
	EndGlobalSection
	GlobalSection(ProjectConfigurationPlatforms) = postSolution
		{2478B627-9E87-4849-BB23-20D9281E5F17}.Debug|Any CPU.ActiveCfg = Debug|Any CPU
		{2478B627-9E87-4849-BB23-20D9281E5F17}.Debug|Any CPU.Build.0 = Debug|Any CPU
		{2478B627-9E87-4849-BB23-20D9281E5F17}.Release|Any CPU.ActiveCfg = Release|Any CPU
		{2478B627-9E87-4849-BB23-20D9281E5F17}.Release|Any CPU.Build.0 = Release|Any CPU
	EndGlobalSection
	GlobalSection(SolutionProperties) = preSolution
		HideSolutionNode = FALSE
	EndGlobalSection
	GlobalSection(ExtensibilityGlobals) = postSolution
		SolutionGuid = {DED2CC89-08FA-44C3-94F9-8386DB328640}
	EndGlobalSection
EndGlobal
